
Microsoft Visual Studio Solution File, Format Version 12.00
# Visual Studio Version 17
VisualStudioVersion = 17.11.35327.3
MinimumVisualStudioVersion = 10.0.40219.1
Project("{FAE04EC0-301F-11D3-BF4B-00C04F79EFBC}") = "ObjectOrientedProgrammingDay3", "ObjectOrientedProgrammingDay3.csproj", "{9E55F11C-E15B-450D-9414-13F1876141AA}"
EndProject
Global
	GlobalSection(SolutionConfigurationPlatforms) = preSolution
		Debug|Any CPU = Debug|Any CPU
		Release|Any CPU = Release|Any CPU
	EndGlobalSection
	GlobalSection(ProjectConfigurationPlatforms) = postSolution
		{9E55F11C-E15B-450D-9414-13F1876141AA}.Debug|Any CPU.ActiveCfg = Debug|Any CPU
		{9E55F11C-E15B-450D-9414-13F1876141AA}.Debug|Any CPU.Build.0 = Debug|Any CPU
		{9E55F11C-E15B-450D-9414-13F1876141AA}.Release|Any CPU.ActiveCfg = Release|Any CPU
		{9E55F11C-E15B-450D-9414-13F1876141AA}.Release|Any CPU.Build.0 = Release|Any CPU
	EndGlobalSection
	GlobalSection(SolutionProperties) = preSolution
		HideSolutionNode = FALSE
	EndGlobalSection
	GlobalSection(ExtensibilityGlobals) = postSolution
		SolutionGuid = {7C562CCF-4EEB-48A3-BB4F-BBCCE5062716}
	EndGlobalSection
EndGlobal
